
Microsoft Visual Studio Solution File, Format Version 12.00
# Visual Studio Version 17
VisualStudioVersion = 17.7.34031.279
MinimumVisualStudioVersion = 10.0.40219.1
Project("{FAE04EC0-301F-11D3-BF4B-00C04F79EFBC}") = "Lab01-03", "Lab01-03\Lab01-03.csproj", "{D7157B86-ECA3-43A6-A0BA-4611B165E3D6}"
EndProject
Global
	GlobalSection(SolutionConfigurationPlatforms) = preSolution
		Debug|Any CPU = Debug|Any CPU
		Release|Any CPU = Release|Any CPU
	EndGlobalSection
	GlobalSection(ProjectConfigurationPlatforms) = postSolution
		{D7157B86-ECA3-43A6-A0BA-4611B165E3D6}.Debug|Any CPU.ActiveCfg = Debug|Any CPU
		{D7157B86-ECA3-43A6-A0BA-4611B165E3D6}.Debug|Any CPU.Build.0 = Debug|Any CPU
		{D7157B86-ECA3-43A6-A0BA-4611B165E3D6}.Release|Any CPU.ActiveCfg = Release|Any CPU
		{D7157B86-ECA3-43A6-A0BA-4611B165E3D6}.Release|Any CPU.Build.0 = Release|Any CPU
	EndGlobalSection
	GlobalSection(SolutionProperties) = preSolution
		HideSolutionNode = FALSE
	EndGlobalSection
	GlobalSection(ExtensibilityGlobals) = postSolution
		SolutionGuid = {7DC584BE-67F9-428F-AE7A-2C8F6488D634}
	EndGlobalSection
EndGlobal
